
Microsoft Visual Studio Solution File, Format Version 12.00
# Visual Studio Version 16
VisualStudioVersion = 16.0.29519.87
MinimumVisualStudioVersion = 10.0.40219.1
Project("{8BC9CEB8-8B4A-11D0-8D11-00A0C91BC942}") = "up-08", "up-08\up-08.vcxproj", "{88EF323C-ABF4-4020-97D3-14CF26A7E3A2}"
EndProject
Global
	GlobalSection(SolutionConfigurationPlatforms) = preSolution
		Debug|x64 = Debug|x64
		Debug|x86 = Debug|x86
		Release|x64 = Release|x64
		Release|x86 = Release|x86
	EndGlobalSection
	GlobalSection(ProjectConfigurationPlatforms) = postSolution
		{88EF323C-ABF4-4020-97D3-14CF26A7E3A2}.Debug|x64.ActiveCfg = Debug|x64
		{88EF323C-ABF4-4020-97D3-14CF26A7E3A2}.Debug|x64.Build.0 = Debug|x64
		{88EF323C-ABF4-4020-97D3-14CF26A7E3A2}.Debug|x86.ActiveCfg = Debug|Win32
		{88EF323C-ABF4-4020-97D3-14CF26A7E3A2}.Debug|x86.Build.0 = Debug|Win32
		{88EF323C-ABF4-4020-97D3-14CF26A7E3A2}.Release|x64.ActiveCfg = Release|x64
		{88EF323C-ABF4-4020-97D3-14CF26A7E3A2}.Release|x64.Build.0 = Release|x64
		{88EF323C-ABF4-4020-97D3-14CF26A7E3A2}.Release|x86.ActiveCfg = Release|Win32
		{88EF323C-ABF4-4020-97D3-14CF26A7E3A2}.Release|x86.Build.0 = Release|Win32
	EndGlobalSection
	GlobalSection(SolutionProperties) = preSolution
		HideSolutionNode = FALSE
	EndGlobalSection
	GlobalSection(ExtensibilityGlobals) = postSolution
		SolutionGuid = {D894C2BF-4A14-4AEA-9712-3E59D66936D9}
	EndGlobalSection
EndGlobal
